
Microsoft Visual Studio Solution File, Format Version 12.00
# Visual Studio Version 17
VisualStudioVersion = 17.2.32210.308
MinimumVisualStudioVersion = 10.0.40219.1
Project("{FAE04EC0-301F-11D3-BF4B-00C04F79EFBC}") = "ConcurrentItems", "ConcurrentItems\ConcurrentItems.csproj", "{1B20E30E-BED5-44F1-8BF5-931611D83FA2}"
EndProject
Project("{FAE04EC0-301F-11D3-BF4B-00C04F79EFBC}") = "ConcurrentItems.Tests", "ConcurrentItems.Tests\ConcurrentItems.Tests.csproj", "{586DA0B2-5AA6-4511-9301-B50D3FFC5237}"
EndProject
Global
	GlobalSection(SolutionConfigurationPlatforms) = preSolution
		Debug|Any CPU = Debug|Any CPU
		Release|Any CPU = Release|Any CPU
	EndGlobalSection
	GlobalSection(ProjectConfigurationPlatforms) = postSolution
		{1B20E30E-BED5-44F1-8BF5-931611D83FA2}.Debug|Any CPU.ActiveCfg = Debug|Any CPU
		{1B20E30E-BED5-44F1-8BF5-931611D83FA2}.Debug|Any CPU.Build.0 = Debug|Any CPU
		{1B20E30E-BED5-44F1-8BF5-931611D83FA2}.Release|Any CPU.ActiveCfg = Release|Any CPU
		{1B20E30E-BED5-44F1-8BF5-931611D83FA2}.Release|Any CPU.Build.0 = Release|Any CPU
		{586DA0B2-5AA6-4511-9301-B50D3FFC5237}.Debug|Any CPU.ActiveCfg = Debug|Any CPU
		{586DA0B2-5AA6-4511-9301-B50D3FFC5237}.Debug|Any CPU.Build.0 = Debug|Any CPU
		{586DA0B2-5AA6-4511-9301-B50D3FFC5237}.Release|Any CPU.ActiveCfg = Release|Any CPU
		{586DA0B2-5AA6-4511-9301-B50D3FFC5237}.Release|Any CPU.Build.0 = Release|Any CPU
	EndGlobalSection
	GlobalSection(SolutionProperties) = preSolution
		HideSolutionNode = FALSE
	EndGlobalSection
	GlobalSection(ExtensibilityGlobals) = postSolution
		SolutionGuid = {BE05016D-BB6D-438C-9C6E-3F97E243F3C3}
	EndGlobalSection
EndGlobal
